
Microsoft Visual Studio Solution File, Format Version 12.00
# Visual Studio 15
VisualStudioVersion = 15.0.26730.16
MinimumVisualStudioVersion = 10.0.40219.1
Project("{FAE04EC0-301F-11D3-BF4B-00C04F79EFBC}") = "TestLibNoName", "TestLibNoName.csproj", "{00F3512F-C5DC-4BE6-8163-9F3D982E890A}"
EndProject
Global
	GlobalSection(SolutionConfigurationPlatforms) = preSolution
		Debug|Any CPU = Debug|Any CPU
		Release|Any CPU = Release|Any CPU
	EndGlobalSection
	GlobalSection(ProjectConfigurationPlatforms) = postSolution
		{00F3512F-C5DC-4BE6-8163-9F3D982E890A}.Debug|Any CPU.ActiveCfg = Debug|Any CPU
		{00F3512F-C5DC-4BE6-8163-9F3D982E890A}.Debug|Any CPU.Build.0 = Debug|Any CPU
		{00F3512F-C5DC-4BE6-8163-9F3D982E890A}.Release|Any CPU.ActiveCfg = Release|Any CPU
		{00F3512F-C5DC-4BE6-8163-9F3D982E890A}.Release|Any CPU.Build.0 = Release|Any CPU
	EndGlobalSection
	GlobalSection(SolutionProperties) = preSolution
		HideSolutionNode = FALSE
	EndGlobalSection
	GlobalSection(ExtensibilityGlobals) = postSolution
		SolutionGuid = {A145D305-C19A-43B8-A42F-ED9EEBF233A6}
	EndGlobalSection
EndGlobal
